// !$*UTF8*$!
{
	archiveVersion = 1;
	classes = {
	};
	objectVersion = 56;
	objects = {

/* Begin PBXBuildFile section */
		471C88C62A9577CB00C5DDEE /* OrderViewController.swift in Sources */ = {isa = PBXBuildFile; fileRef = 471C88C52A9577CB00C5DDEE /* OrderViewController.swift */; };
		471C88C82A9577E800C5DDEE /* ConfigureViewController.swift in Sources */ = {isa = PBXBuildFile; fileRef = 471C88C72A9577E800C5DDEE /* ConfigureViewController.swift */; };
		471C88CB2A9586D000C5DDEE /* LoginViewController.swift in Sources */ = {isa = PBXBuildFile; fileRef = 471C88CA2A9586D000C5DDEE /* LoginViewController.swift */; };
		471C88CD2A9586D800C5DDEE /* RegisterViewController.swift in Sources */ = {isa = PBXBuildFile; fileRef = 471C88CC2A9586D800C5DDEE /* RegisterViewController.swift */; };
		471C88CF2A96A48100C5DDEE /* LoginStoryBoard.storyboard in Resources */ = {isa = PBXBuildFile; fileRef = 471C88CE2A96A48100C5DDEE /* LoginStoryBoard.storyboard */; };
		471C88D12A96A49900C5DDEE /* RegisterStoryBoard.storyboard in Resources */ = {isa = PBXBuildFile; fileRef = 471C88D02A96A49900C5DDEE /* RegisterStoryBoard.storyboard */; };
		473980EB2A97FE5D00FEFD21 /* User.swift in Sources */ = {isa = PBXBuildFile; fileRef = 473980EA2A97FE5D00FEFD21 /* User.swift */; };
		474B52A72A93CBD1007D65B9 /* AppDelegate.swift in Sources */ = {isa = PBXBuildFile; fileRef = 474B52A62A93CBD1007D65B9 /* AppDelegate.swift */; };
		474B52A92A93CBD1007D65B9 /* SceneDelegate.swift in Sources */ = {isa = PBXBuildFile; fileRef = 474B52A82A93CBD1007D65B9 /* SceneDelegate.swift */; };
		474B52AB2A93CBD1007D65B9 /* HomeViewController.swift in Sources */ = {isa = PBXBuildFile; fileRef = 474B52AA2A93CBD1007D65B9 /* HomeViewController.swift */; };
		474B52AE2A93CBD1007D65B9 /* Main.storyboard in Resources */ = {isa = PBXBuildFile; fileRef = 474B52AC2A93CBD1007D65B9 /* Main.storyboard */; };
		474B52B02A93CBD2007D65B9 /* Assets.xcassets in Resources */ = {isa = PBXBuildFile; fileRef = 474B52AF2A93CBD2007D65B9 /* Assets.xcassets */; };
		474B52B32A93CBD2007D65B9 /* LaunchScreen.storyboard in Resources */ = {isa = PBXBuildFile; fileRef = 474B52B12A93CBD2007D65B9 /* LaunchScreen.storyboard */; };
		4787C22A2A98529900497D43 /* MyCustomCell.swift in Sources */ = {isa = PBXBuildFile; fileRef = 4787C2282A98529900497D43 /* MyCustomCell.swift */; };
		4787C22B2A98529900497D43 /* MyCustomCell.xib in Resources */ = {isa = PBXBuildFile; fileRef = 4787C2292A98529900497D43 /* MyCustomCell.xib */; };
		47E800A32A995D20008EAD58 /* MyCollectionViewCell.swift in Sources */ = {isa = PBXBuildFile; fileRef = 47E800A22A995D20008EAD58 /* MyCollectionViewCell.swift */; };
		47E800A52A9961C6008EAD58 /* Categories.swift in Sources */ = {isa = PBXBuildFile; fileRef = 47E800A42A9961C6008EAD58 /* Categories.swift */; };
		47E800A72A99A389008EAD58 /* CategoriesManager.swift in Sources */ = {isa = PBXBuildFile; fileRef = 47E800A62A99A389008EAD58 /* CategoriesManager.swift */; };
/* End PBXBuildFile section */

/* Begin PBXFileReference section */
		471C88C52A9577CB00C5DDEE /* OrderViewController.swift */ = {isa = PBXFileReference; lastKnownFileType = sourcecode.swift; path = OrderViewController.swift; sourceTree = "<group>"; };
		471C88C72A9577E800C5DDEE /* ConfigureViewController.swift */ = {isa = PBXFileReference; lastKnownFileType = sourcecode.swift; path = ConfigureViewController.swift; sourceTree = "<group>"; };
		471C88CA2A9586D000C5DDEE /* LoginViewController.swift */ = {isa = PBXFileReference; lastKnownFileType = sourcecode.swift; path = LoginViewController.swift; sourceTree = "<group>"; };
		471C88CC2A9586D800C5DDEE /* RegisterViewController.swift */ = {isa = PBXFileReference; lastKnownFileType = sourcecode.swift; path = RegisterViewController.swift; sourceTree = "<group>"; };
		471C88CE2A96A48100C5DDEE /* LoginStoryBoard.storyboard */ = {isa = PBXFileReference; lastKnownFileType = file.storyboard; path = LoginStoryBoard.storyboard; sourceTree = "<group>"; };
		471C88D02A96A49900C5DDEE /* RegisterStoryBoard.storyboard */ = {isa = PBXFileReference; lastKnownFileType = file.storyboard; path = RegisterStoryBoard.storyboard; sourceTree = "<group>"; };
		473980EA2A97FE5D00FEFD21 /* User.swift */ = {isa = PBXFileReference; lastKnownFileType = sourcecode.swift; path = User.swift; sourceTree = "<group>"; };
		474B52A32A93CBD1007D65B9 /* MiRestaurantArm.app */ = {isa = PBXFileReference; explicitFileType = wrapper.application; includeInIndex = 0; path = MiRestaurantArm.app; sourceTree = BUILT_PRODUCTS_DIR; };
		474B52A62A93CBD1007D65B9 /* AppDelegate.swift */ = {isa = PBXFileReference; lastKnownFileType = sourcecode.swift; path = AppDelegate.swift; sourceTree = "<group>"; };
		474B52A82A93CBD1007D65B9 /* SceneDelegate.swift */ = {isa = PBXFileReference; lastKnownFileType = sourcecode.swift; path = SceneDelegate.swift; sourceTree = "<group>"; };
		474B52AA2A93CBD1007D65B9 /* HomeViewController.swift */ = {isa = PBXFileReference; lastKnownFileType = sourcecode.swift; path = HomeViewController.swift; sourceTree = "<group>"; };
		474B52AD2A93CBD1007D65B9 /* Base */ = {isa = PBXFileReference; lastKnownFileType = file.storyboard; name = Base; path = Base.lproj/Main.storyboard; sourceTree = "<group>"; };
		474B52AF2A93CBD2007D65B9 /* Assets.xcassets */ = {isa = PBXFileReference; lastKnownFileType = folder.assetcatalog; path = Assets.xcassets; sourceTree = "<group>"; };
		474B52B22A93CBD2007D65B9 /* Base */ = {isa = PBXFileReference; lastKnownFileType = file.storyboard; name = Base; path = Base.lproj/LaunchScreen.storyboard; sourceTree = "<group>"; };
		474B52B42A93CBD2007D65B9 /* Info.plist */ = {isa = PBXFileReference; lastKnownFileType = text.plist.xml; path = Info.plist; sourceTree = "<group>"; };
		4787C2282A98529900497D43 /* MyCustomCell.swift */ = {isa = PBXFileReference; lastKnownFileType = sourcecode.swift; path = MyCustomCell.swift; sourceTree = "<group>"; };
		4787C2292A98529900497D43 /* MyCustomCell.xib */ = {isa = PBXFileReference; lastKnownFileType = file.xib; path = MyCustomCell.xib; sourceTree = "<group>"; };
		47E800A22A995D20008EAD58 /* MyCollectionViewCell.swift */ = {isa = PBXFileReference; lastKnownFileType = sourcecode.swift; path = MyCollectionViewCell.swift; sourceTree = "<group>"; };
		47E800A42A9961C6008EAD58 /* Categories.swift */ = {isa = PBXFileReference; lastKnownFileType = sourcecode.swift; path = Categories.swift; sourceTree = "<group>"; };
		47E800A62A99A389008EAD58 /* CategoriesManager.swift */ = {isa = PBXFileReference; lastKnownFileType = sourcecode.swift; path = CategoriesManager.swift; sourceTree = "<group>"; };
/* End PBXFileReference section */

/* Begin PBXFrameworksBuildPhase section */
		474B52A02A93CBD1007D65B9 /* Frameworks */ = {
			isa = PBXFrameworksBuildPhase;
			buildActionMask = 2147483647;
			files = (
			);
			runOnlyForDeploymentPostprocessing = 0;
		};
/* End PBXFrameworksBuildPhase section */

/* Begin PBXGroup section */
		471C88C02A95707C00C5DDEE /* Model */ = {
			isa = PBXGroup;
			children = (
				473980EA2A97FE5D00FEFD21 /* User.swift */,
				47E800A42A9961C6008EAD58 /* Categories.swift */,
			);
			path = Model;
			sourceTree = "<group>";
		};
		471C88C12A95708A00C5DDEE /* View */ = {
			isa = PBXGroup;
			children = (
				471C88C32A95712100C5DDEE /* Storyboards */,
			);
			path = View;
			sourceTree = "<group>";
		};
		471C88C22A95709300C5DDEE /*  Controllers */ = {
			isa = PBXGroup;
			children = (
				47E800A62A99A389008EAD58 /* CategoriesManager.swift */,
				471C88C92A9586BC00C5DDEE /* Onboarding */,
				471C88C42A95740600C5DDEE /* CoreTabs */,
			);
			path = " Controllers";
			sourceTree = "<group>";
		};
		471C88C32A95712100C5DDEE /* Storyboards */ = {
			isa = PBXGroup;
			children = (
				474B52AC2A93CBD1007D65B9 /* Main.storyboard */,
				471C88CE2A96A48100C5DDEE /* LoginStoryBoard.storyboard */,
				471C88D02A96A49900C5DDEE /* RegisterStoryBoard.storyboard */,
			);
			path = Storyboards;
			sourceTree = "<group>";
		};
		471C88C42A95740600C5DDEE /* CoreTabs */ = {
			isa = PBXGroup;
			children = (
				474B52AA2A93CBD1007D65B9 /* HomeViewController.swift */,
				471C88C52A9577CB00C5DDEE /* OrderViewController.swift */,
				471C88C72A9577E800C5DDEE /* ConfigureViewController.swift */,
			);
			path = CoreTabs;
			sourceTree = "<group>";
		};
		471C88C92A9586BC00C5DDEE /* Onboarding */ = {
			isa = PBXGroup;
			children = (
				471C88CA2A9586D000C5DDEE /* LoginViewController.swift */,
				471C88CC2A9586D800C5DDEE /* RegisterViewController.swift */,
			);
			path = Onboarding;
			sourceTree = "<group>";
		};
		474B529A2A93CBD1007D65B9 = {
			isa = PBXGroup;
			children = (
				474B52A52A93CBD1007D65B9 /* MiRestaurantArm */,
				474B52A42A93CBD1007D65B9 /* Products */,
			);
			sourceTree = "<group>";
		};
		474B52A42A93CBD1007D65B9 /* Products */ = {
			isa = PBXGroup;
			children = (
				474B52A32A93CBD1007D65B9 /* MiRestaurantArm.app */,
			);
			name = Products;
			sourceTree = "<group>";
		};
		474B52A52A93CBD1007D65B9 /* MiRestaurantArm */ = {
			isa = PBXGroup;
			children = (
				4787C2272A9851F400497D43 /* CustomElements */,
				471C88C22A95709300C5DDEE /*  Controllers */,
				471C88C12A95708A00C5DDEE /* View */,
				471C88C02A95707C00C5DDEE /* Model */,
				474B52A62A93CBD1007D65B9 /* AppDelegate.swift */,
				474B52A82A93CBD1007D65B9 /* SceneDelegate.swift */,
				474B52AF2A93CBD2007D65B9 /* Assets.xcassets */,
				474B52B12A93CBD2007D65B9 /* LaunchScreen.storyboard */,
				474B52B42A93CBD2007D65B9 /* Info.plist */,
			);
			path = MiRestaurantArm;
			sourceTree = "<group>";
		};
		4787C2272A9851F400497D43 /* CustomElements */ = {
			isa = PBXGroup;
			children = (
				4787C2282A98529900497D43 /* MyCustomCell.swift */,
				4787C2292A98529900497D43 /* MyCustomCell.xib */,
				47E800A22A995D20008EAD58 /* MyCollectionViewCell.swift */,
			);
			path = CustomElements;
			sourceTree = "<group>";
		};
/* End PBXGroup section */

/* Begin PBXNativeTarget section */
		474B52A22A93CBD1007D65B9 /* MiRestaurantArm */ = {
			isa = PBXNativeTarget;
			buildConfigurationList = 474B52B72A93CBD2007D65B9 /* Build configuration list for PBXNativeTarget "MiRestaurantArm" */;
			buildPhases = (
				474B529F2A93CBD1007D65B9 /* Sources */,
				474B52A02A93CBD1007D65B9 /* Frameworks */,
				474B52A12A93CBD1007D65B9 /* Resources */,
			);
			buildRules = (
			);
			dependencies = (
			);
			name = MiRestaurantArm;
			productName = MiRestaurantArm;
			productReference = 474B52A32A93CBD1007D65B9 /* MiRestaurantArm.app */;
			productType = "com.apple.product-type.application";
		};
/* End PBXNativeTarget section */

/* Begin PBXProject section */
		474B529B2A93CBD1007D65B9 /* Project object */ = {
			isa = PBXProject;
			attributes = {
				BuildIndependentTargetsInParallel = 1;
				LastSwiftUpdateCheck = 1430;
				LastUpgradeCheck = 1430;
				TargetAttributes = {
					474B52A22A93CBD1007D65B9 = {
						CreatedOnToolsVersion = 14.3.1;
					};
				};
			};
			buildConfigurationList = 474B529E2A93CBD1007D65B9 /* Build configuration list for PBXProject "MiRestaurantArm" */;
			compatibilityVersion = "Xcode 14.0";
			developmentRegion = en;
			hasScannedForEncodings = 0;
			knownRegions = (
				en,
				Base,
			);
			mainGroup = 474B529A2A93CBD1007D65B9;
			productRefGroup = 474B52A42A93CBD1007D65B9 /* Products */;
			projectDirPath = "";
			projectRoot = "";
			targets = (
				474B52A22A93CBD1007D65B9 /* MiRestaurantArm */,
			);
		};
/* End PBXProject section */

/* Begin PBXResourcesBuildPhase section */
		474B52A12A93CBD1007D65B9 /* Resources */ = {
			isa = PBXResourcesBuildPhase;
			buildActionMask = 2147483647;
			files = (
				474B52B32A93CBD2007D65B9 /* LaunchScreen.storyboard in Resources */,
				471C88D12A96A49900C5DDEE /* RegisterStoryBoard.storyboard in Resources */,
				474B52B02A93CBD2007D65B9 /* Assets.xcassets in Resources */,
				474B52AE2A93CBD1007D65B9 /* Main.storyboard in Resources */,
				4787C22B2A98529900497D43 /* MyCustomCell.xib in Resources */,
				471C88CF2A96A48100C5DDEE /* LoginStoryBoard.storyboard in Resources */,
			);
			runOnlyForDeploymentPostprocessing = 0;
		};
/* End PBXResourcesBuildPhase section */

/* Begin PBXSourcesBuildPhase section */
		474B529F2A93CBD1007D65B9 /* Sources */ = {
			isa = PBXSourcesBuildPhase;
			buildActionMask = 2147483647;
			files = (
				4787C22A2A98529900497D43 /* MyCustomCell.swift in Sources */,
				471C88CB2A9586D000C5DDEE /* LoginViewController.swift in Sources */,
				474B52AB2A93CBD1007D65B9 /* HomeViewController.swift in Sources */,
				471C88CD2A9586D800C5DDEE /* RegisterViewController.swift in Sources */,
				471C88C82A9577E800C5DDEE /* ConfigureViewController.swift in Sources */,
				473980EB2A97FE5D00FEFD21 /* User.swift in Sources */,
				47E800A52A9961C6008EAD58 /* Categories.swift in Sources */,
				47E800A32A995D20008EAD58 /* MyCollectionViewCell.swift in Sources */,
				474B52A72A93CBD1007D65B9 /* AppDelegate.swift in Sources */,
				474B52A92A93CBD1007D65B9 /* SceneDelegate.swift in Sources */,
				471C88C62A9577CB00C5DDEE /* OrderViewController.swift in Sources */,
				47E800A72A99A389008EAD58 /* CategoriesManager.swift in Sources */,
			);
			runOnlyForDeploymentPostprocessing = 0;
		};
/* End PBXSourcesBuildPhase section */

/* Begin PBXVariantGroup section */
		474B52AC2A93CBD1007D65B9 /* Main.storyboard */ = {
			isa = PBXVariantGroup;
			children = (
				474B52AD2A93CBD1007D65B9 /* Base */,
			);
			name = Main.storyboard;
			sourceTree = "<group>";
		};
		474B52B12A93CBD2007D65B9 /* LaunchScreen.storyboard */ = {
			isa = PBXVariantGroup;
			children = (
				474B52B22A93CBD2007D65B9 /* Base */,
			);
			name = LaunchScreen.storyboard;
			sourceTree = "<group>";
		};
/* End PBXVariantGroup section */

/* Begin XCBuildConfiguration section */
		474B52B52A93CBD2007D65B9 /* Debug */ = {
			isa = XCBuildConfiguration;
			buildSettings = {
				ALWAYS_SEARCH_USER_PATHS = NO;
				CLANG_ANALYZER_NONNULL = YES;
				CLANG_ANALYZER_NUMBER_OBJECT_CONVERSION = YES_AGGRESSIVE;
				CLANG_CXX_LANGUAGE_STANDARD = "gnu++20";
				CLANG_ENABLE_MODULES = YES;
				CLANG_ENABLE_OBJC_ARC = YES;
				CLANG_ENABLE_OBJC_WEAK = YES;
				CLANG_WARN_BLOCK_CAPTURE_AUTORELEASING = YES;
				CLANG_WARN_BOOL_CONVERSION = YES;
				CLANG_WARN_COMMA = YES;
				CLANG_WARN_CONSTANT_CONVERSION = YES;
				CLANG_WARN_DEPRECATED_OBJC_IMPLEMENTATIONS = YES;
				CLANG_WARN_DIRECT_OBJC_ISA_USAGE = YES_ERROR;
				CLANG_WARN_DOCUMENTATION_COMMENTS = YES;
				CLANG_WARN_EMPTY_BODY = YES;
				CLANG_WARN_ENUM_CONVERSION = YES;
				CLANG_WARN_INFINITE_RECURSION = YES;
				CLANG_WARN_INT_CONVERSION = YES;
				CLANG_WARN_NON_LITERAL_NULL_CONVERSION = YES;
				CLANG_WARN_OBJC_IMPLICIT_RETAIN_SELF = YES;
				CLANG_WARN_OBJC_LITERAL_CONVERSION = YES;
				CLANG_WARN_OBJC_ROOT_CLASS = YES_ERROR;
				CLANG_WARN_QUOTED_INCLUDE_IN_FRAMEWORK_HEADER = YES;
				CLANG_WARN_RANGE_LOOP_ANALYSIS = YES;
				CLANG_WARN_STRICT_PROTOTYPES = YES;
				CLANG_WARN_SUSPICIOUS_MOVE = YES;
				CLANG_WARN_UNGUARDED_AVAILABILITY = YES_AGGRESSIVE;
				CLANG_WARN_UNREACHABLE_CODE = YES;
				CLANG_WARN__DUPLICATE_METHOD_MATCH = YES;
				COPY_PHASE_STRIP = NO;
				DEBUG_INFORMATION_FORMAT = dwarf;
				ENABLE_STRICT_OBJC_MSGSEND = YES;
				ENABLE_TESTABILITY = YES;
				GCC_C_LANGUAGE_STANDARD = gnu11;
				GCC_DYNAMIC_NO_PIC = NO;
				GCC_NO_COMMON_BLOCKS = YES;
				GCC_OPTIMIZATION_LEVEL = 0;
				GCC_PREPROCESSOR_DEFINITIONS = (
					"DEBUG=1",
					"$(inherited)",
				);
				GCC_WARN_64_TO_32_BIT_CONVERSION = YES;
				GCC_WARN_ABOUT_RETURN_TYPE = YES_ERROR;
				GCC_WARN_UNDECLARED_SELECTOR = YES;
				GCC_WARN_UNINITIALIZED_AUTOS = YES_AGGRESSIVE;
				GCC_WARN_UNUSED_FUNCTION = YES;
				GCC_WARN_UNUSED_VARIABLE = YES;
				IPHONEOS_DEPLOYMENT_TARGET = 16.4;
				MTL_ENABLE_DEBUG_INFO = INCLUDE_SOURCE;
				MTL_FAST_MATH = YES;
				ONLY_ACTIVE_ARCH = YES;
				SDKROOT = iphoneos;
				SWIFT_ACTIVE_COMPILATION_CONDITIONS = DEBUG;
				SWIFT_OPTIMIZATION_LEVEL = "-Onone";
			};
			name = Debug;
		};
		474B52B62A93CBD2007D65B9 /* Release */ = {
			isa = XCBuildConfiguration;
			buildSettings = {
				ALWAYS_SEARCH_USER_PATHS = NO;
				CLANG_ANALYZER_NONNULL = YES;
				CLANG_ANALYZER_NUMBER_OBJECT_CONVERSION = YES_AGGRESSIVE;
				CLANG_CXX_LANGUAGE_STANDARD = "gnu++20";
				CLANG_ENABLE_MODULES = YES;
				CLANG_ENABLE_OBJC_ARC = YES;
				CLANG_ENABLE_OBJC_WEAK = YES;
				CLANG_WARN_BLOCK_CAPTURE_AUTORELEASING = YES;
				CLANG_WARN_BOOL_CONVERSION = YES;
				CLANG_WARN_COMMA = YES;
				CLANG_WARN_CONSTANT_CONVERSION = YES;
				CLANG_WARN_DEPRECATED_OBJC_IMPLEMENTATIONS = YES;
				CLANG_WARN_DIRECT_OBJC_ISA_USAGE = YES_ERROR;
				CLANG_WARN_DOCUMENTATION_COMMENTS = YES;
				CLANG_WARN_EMPTY_BODY = YES;
				CLANG_WARN_ENUM_CONVERSION = YES;
				CLANG_WARN_INFINITE_RECURSION = YES;
				CLANG_WARN_INT_CONVERSION = YES;
				CLANG_WARN_NON_LITERAL_NULL_CONVERSION = YES;
				CLANG_WARN_OBJC_IMPLICIT_RETAIN_SELF = YES;
				CLANG_WARN_OBJC_LITERAL_CONVERSION = YES;
				CLANG_WARN_OBJC_ROOT_CLASS = YES_ERROR;
				CLANG_WARN_QUOTED_INCLUDE_IN_FRAMEWORK_HEADER = YES;
				CLANG_WARN_RANGE_LOOP_ANALYSIS = YES;
				CLANG_WARN_STRICT_PROTOTYPES = YES;
				CLANG_WARN_SUSPICIOUS_MOVE = YES;
				CLANG_WARN_UNGUARDED_AVAILABILITY = YES_AGGRESSIVE;
				CLANG_WARN_UNREACHABLE_CODE = YES;
				CLANG_WARN__DUPLICATE_METHOD_MATCH = YES;
				COPY_PHASE_STRIP = NO;
				DEBUG_INFORMATION_FORMAT = "dwarf-with-dsym";
				ENABLE_NS_ASSERTIONS = NO;
				ENABLE_STRICT_OBJC_MSGSEND = YES;
				GCC_C_LANGUAGE_STANDARD = gnu11;
				GCC_NO_COMMON_BLOCKS = YES;
				GCC_WARN_64_TO_32_BIT_CONVERSION = YES;
				GCC_WARN_ABOUT_RETURN_TYPE = YES_ERROR;
				GCC_WARN_UNDECLARED_SELECTOR = YES;
				GCC_WARN_UNINITIALIZED_AUTOS = YES_AGGRESSIVE;
				GCC_WARN_UNUSED_FUNCTION = YES;
				GCC_WARN_UNUSED_VARIABLE = YES;
				IPHONEOS_DEPLOYMENT_TARGET = 16.4;
				MTL_ENABLE_DEBUG_INFO = NO;
				MTL_FAST_MATH = YES;
				SDKROOT = iphoneos;
				SWIFT_COMPILATION_MODE = wholemodule;
				SWIFT_OPTIMIZATION_LEVEL = "-O";
				VALIDATE_PRODUCT = YES;
			};
			name = Release;
		};
		474B52B82A93CBD2007D65B9 /* Debug */ = {
			isa = XCBuildConfiguration;
			buildSettings = {
				ASSETCATALOG_COMPILER_APPICON_NAME = AppIcon;
				ASSETCATALOG_COMPILER_GLOBAL_ACCENT_COLOR_NAME = AccentColor;
				CODE_SIGN_STYLE = Automatic;
				CURRENT_PROJECT_VERSION = 1;
				GENERATE_INFOPLIST_FILE = YES;
				INFOPLIST_FILE = MiRestaurantArm/Info.plist;
				INFOPLIST_KEY_UIApplicationSupportsIndirectInputEvents = YES;
				INFOPLIST_KEY_UILaunchStoryboardName = LaunchScreen;
				INFOPLIST_KEY_UIMainStoryboardFile = Main;
				INFOPLIST_KEY_UISupportedInterfaceOrientations_iPad = "UIInterfaceOrientationPortrait UIInterfaceOrientationPortraitUpsideDown UIInterfaceOrientationLandscapeLeft UIInterfaceOrientationLandscapeRight";
				INFOPLIST_KEY_UISupportedInterfaceOrientations_iPhone = "UIInterfaceOrientationPortrait UIInterfaceOrientationLandscapeLeft UIInterfaceOrientationLandscapeRight";
				LD_RUNPATH_SEARCH_PATHS = (
					"$(inherited)",
					"@executable_path/Frameworks",
				);
				MARKETING_VERSION = 1.0;
				PRODUCT_BUNDLE_IDENTIFIER = com.mexiti.MiRestaurantArm;
				PRODUCT_NAME = "$(TARGET_NAME)";
				SWIFT_EMIT_LOC_STRINGS = YES;
				SWIFT_VERSION = 5.0;
				TARGETED_DEVICE_FAMILY = "1,2";
			};
			name = Debug;
		};
		474B52B92A93CBD2007D65B9 /* Release */ = {
			isa = XCBuildConfiguration;
			buildSettings = {
				ASSETCATALOG_COMPILER_APPICON_NAME = AppIcon;
				ASSETCATALOG_COMPILER_GLOBAL_ACCENT_COLOR_NAME = AccentColor;
				CODE_SIGN_STYLE = Automatic;
				CURRENT_PROJECT_VERSION = 1;
				GENERATE_INFOPLIST_FILE = YES;
				INFOPLIST_FILE = MiRestaurantArm/Info.plist;
				INFOPLIST_KEY_UIApplicationSupportsIndirectInputEvents = YES;
				INFOPLIST_KEY_UILaunchStoryboardName = LaunchScreen;
				INFOPLIST_KEY_UIMainStoryboardFile = Main;
				INFOPLIST_KEY_UISupportedInterfaceOrientations_iPad = "UIInterfaceOrientationPortrait UIInterfaceOrientationPortraitUpsideDown UIInterfaceOrientationLandscapeLeft UIInterfaceOrientationLandscapeRight";
				INFOPLIST_KEY_UISupportedInterfaceOrientations_iPhone = "UIInterfaceOrientationPortrait UIInterfaceOrientationLandscapeLeft UIInterfaceOrientationLandscapeRight";
				LD_RUNPATH_SEARCH_PATHS = (
					"$(inherited)",
					"@executable_path/Frameworks",
				);
				MARKETING_VERSION = 1.0;
				PRODUCT_BUNDLE_IDENTIFIER = com.mexiti.MiRestaurantArm;
				PRODUCT_NAME = "$(TARGET_NAME)";
				SWIFT_EMIT_LOC_STRINGS = YES;
				SWIFT_VERSION = 5.0;
				TARGETED_DEVICE_FAMILY = "1,2";
			};
			name = Release;
		};
/* End XCBuildConfiguration section */

/* Begin XCConfigurationList section */
		474B529E2A93CBD1007D65B9 /* Build configuration list for PBXProject "MiRestaurantArm" */ = {
			isa = XCConfigurationList;
			buildConfigurations = (
				474B52B52A93CBD2007D65B9 /* Debug */,
				474B52B62A93CBD2007D65B9 /* Release */,
			);
			defaultConfigurationIsVisible = 0;
			defaultConfigurationName = Release;
		};
		474B52B72A93CBD2007D65B9 /* Build configuration list for PBXNativeTarget "MiRestaurantArm" */ = {
			isa = XCConfigurationList;
			buildConfigurations = (
				474B52B82A93CBD2007D65B9 /* Debug */,
				474B52B92A93CBD2007D65B9 /* Release */,
			);
			defaultConfigurationIsVisible = 0;
			defaultConfigurationName = Release;
		};
/* End XCConfigurationList section */
	};
	rootObject = 474B529B2A93CBD1007D65B9 /* Project object */;
}
